
Microsoft Visual Studio Solution File, Format Version 12.00
# Visual Studio Version 16
VisualStudioVersion = 16.0.28803.452
MinimumVisualStudioVersion = 10.0.40219.1
Project("{FAE04EC0-301F-11D3-BF4B-00C04F79EFBC}") = "BatchRenameMaterial", "BatchRenameMaterial\BatchRenameMaterial.csproj", "{53932FFE-54ED-46A5-B818-F81D4129796B}"
EndProject
Global
	GlobalSection(SolutionConfigurationPlatforms) = preSolution
		Debug|Any CPU = Debug|Any CPU
		Release|Any CPU = Release|Any CPU
	EndGlobalSection
	GlobalSection(ProjectConfigurationPlatforms) = postSolution
		{53932FFE-54ED-46A5-B818-F81D4129796B}.Debug|Any CPU.ActiveCfg = Debug|Any CPU
		{53932FFE-54ED-46A5-B818-F81D4129796B}.Debug|Any CPU.Build.0 = Debug|Any CPU
		{53932FFE-54ED-46A5-B818-F81D4129796B}.Release|Any CPU.ActiveCfg = Release|Any CPU
		{53932FFE-54ED-46A5-B818-F81D4129796B}.Release|Any CPU.Build.0 = Release|Any CPU
	EndGlobalSection
	GlobalSection(SolutionProperties) = preSolution
		HideSolutionNode = FALSE
	EndGlobalSection
	GlobalSection(ExtensibilityGlobals) = postSolution
		SolutionGuid = {162B4D5C-4DAD-4842-A65D-E99C6A92F3F6}
	EndGlobalSection
EndGlobal
